// !$*UTF8*$!
{
	archiveVersion = 1;
	classes = {
	};
	objectVersion = 55;
	objects = {

/* Begin PBXBuildFile section */
		1FC50AA36F71DE6DFC961470 /* Pods_Nationwide.framework in Frameworks */ = {isa = PBXBuildFile; fileRef = E1A2407F6D85279A965088BC /* Pods_Nationwide.framework */; };
		5274F627296F301B00597A0B /* ChangeMpinViewController.swift in Sources */ = {isa = PBXBuildFile; fileRef = 5274F626296F301B00597A0B /* ChangeMpinViewController.swift */; };
		52A621D02993B5890036A21F /* User.swift in Sources */ = {isa = PBXBuildFile; fileRef = 52A621CD2993B5890036A21F /* User.swift */; };
		52A621D12993B5890036A21F /* Json4Swift_Base.swift in Sources */ = {isa = PBXBuildFile; fileRef = 52A621CE2993B5890036A21F /* Json4Swift_Base.swift */; };
		52A621D22993B5890036A21F /* UserData.swift in Sources */ = {isa = PBXBuildFile; fileRef = 52A621CF2993B5890036A21F /* UserData.swift */; };
		6C1993C6288537AD00842BB2 /* SiteDetail.swift in Sources */ = {isa = PBXBuildFile; fileRef = 6C1993C4288537AD00842BB2 /* SiteDetail.swift */; };
		6C1993C7288537AD00842BB2 /* SiteDetailApiResponse.swift in Sources */ = {isa = PBXBuildFile; fileRef = 6C1993C5288537AD00842BB2 /* SiteDetailApiResponse.swift */; };
		6C19C92028C8778C00D957B7 /* GoogleService-Info.plist in Resources */ = {isa = PBXBuildFile; fileRef = 6C19C91F28C8778C00D957B7 /* GoogleService-Info.plist */; };
		6C1C24822859A8CF00ABA6C5 /* Extensions.swift in Sources */ = {isa = PBXBuildFile; fileRef = 6C1C24812859A8CF00ABA6C5 /* Extensions.swift */; };
		6C1C24842859AA6000ABA6C5 /* SideMenuController.swift in Sources */ = {isa = PBXBuildFile; fileRef = 6C1C24832859AA6000ABA6C5 /* SideMenuController.swift */; };
		6C1C24862859AAF700ABA6C5 /* ChatViewController.swift in Sources */ = {isa = PBXBuildFile; fileRef = 6C1C24852859AAF700ABA6C5 /* ChatViewController.swift */; };
		6C1C24882859AB0300ABA6C5 /* HistoryViewController.swift in Sources */ = {isa = PBXBuildFile; fileRef = 6C1C24872859AB0300ABA6C5 /* HistoryViewController.swift */; };
		6C1D8214289119D8006EE3AC /* UploadImageResponse.swift in Sources */ = {isa = PBXBuildFile; fileRef = 6C1D8213289119D8006EE3AC /* UploadImageResponse.swift */; };
		6C1F44FE2858551600C3BD7F /* SiteDetailViewController.swift in Sources */ = {isa = PBXBuildFile; fileRef = 6C1F44FD2858551600C3BD7F /* SiteDetailViewController.swift */; };
		6C23F6F8285C4D4000523AFE /* NotificationsTableViewCell.swift in Sources */ = {isa = PBXBuildFile; fileRef = 6C23F6F7285C4D4000523AFE /* NotificationsTableViewCell.swift */; };
		6C23F6FA285C4D6400523AFE /* NotificationsViewController.swift in Sources */ = {isa = PBXBuildFile; fileRef = 6C23F6F9285C4D6400523AFE /* NotificationsViewController.swift */; };
		6C23F6FC285C50CE00523AFE /* PayoutsViewController.swift in Sources */ = {isa = PBXBuildFile; fileRef = 6C23F6FB285C50CE00523AFE /* PayoutsViewController.swift */; };
		6C2C4DF4289A48CA00519343 /* Job.swift in Sources */ = {isa = PBXBuildFile; fileRef = 6C2C4DF1289A48CA00519343 /* Job.swift */; };
		6C2C4DF5289A48CA00519343 /* PayrollApiResponse.swift in Sources */ = {isa = PBXBuildFile; fileRef = 6C2C4DF2289A48CA00519343 /* PayrollApiResponse.swift */; };
		6C2C4DF6289A48CA00519343 /* PayoutDetail.swift in Sources */ = {isa = PBXBuildFile; fileRef = 6C2C4DF3289A48CA00519343 /* PayoutDetail.swift */; };
		6C3905DD2872C241003468A4 /* SignInWithCellPhoneResponse.swift in Sources */ = {isa = PBXBuildFile; fileRef = 6C3905DC2872C241003468A4 /* SignInWithCellPhoneResponse.swift */; };
		6C49938E28571580007F3DA4 /* AppDelegate.swift in Sources */ = {isa = PBXBuildFile; fileRef = 6C49938D28571580007F3DA4 /* AppDelegate.swift */; };
		6C49939028571580007F3DA4 /* SceneDelegate.swift in Sources */ = {isa = PBXBuildFile; fileRef = 6C49938F28571580007F3DA4 /* SceneDelegate.swift */; };
		6C49939528571580007F3DA4 /* Main.storyboard in Resources */ = {isa = PBXBuildFile; fileRef = 6C49939328571580007F3DA4 /* Main.storyboard */; };
		6C49939728571583007F3DA4 /* Assets.xcassets in Resources */ = {isa = PBXBuildFile; fileRef = 6C49939628571583007F3DA4 /* Assets.xcassets */; };
		6C49939A28571583007F3DA4 /* LaunchScreen.storyboard in Resources */ = {isa = PBXBuildFile; fileRef = 6C49939828571583007F3DA4 /* LaunchScreen.storyboard */; };
		6C4993A3285715BA007F3DA4 /* SignInViewController.swift in Sources */ = {isa = PBXBuildFile; fileRef = 6C4993A2285715BA007F3DA4 /* SignInViewController.swift */; };
		6C4993AA28571970007F3DA4 /* static in Resources */ = {isa = PBXBuildFile; fileRef = 6C4993A528571970007F3DA4 /* static */; };
		6C4993AB28571970007F3DA4 /* Rubik-Italic-VariableFont_wght.ttf in Resources */ = {isa = PBXBuildFile; fileRef = 6C4993A628571970007F3DA4 /* Rubik-Italic-VariableFont_wght.ttf */; };
		6C4993AC28571970007F3DA4 /* OFL.txt in Resources */ = {isa = PBXBuildFile; fileRef = 6C4993A728571970007F3DA4 /* OFL.txt */; };
		6C4993AD28571970007F3DA4 /* README.txt in Resources */ = {isa = PBXBuildFile; fileRef = 6C4993A828571970007F3DA4 /* README.txt */; };
		6C4993AE28571970007F3DA4 /* Rubik-VariableFont_wght.ttf in Resources */ = {isa = PBXBuildFile; fileRef = 6C4993A928571970007F3DA4 /* Rubik-VariableFont_wght.ttf */; };
		6C4993B028571E6A007F3DA4 /* EnterOTPViewController.swift in Sources */ = {isa = PBXBuildFile; fileRef = 6C4993AF28571E6A007F3DA4 /* EnterOTPViewController.swift */; };
		6C4993B42857208D007F3DA4 /* CreateMpinViewController.swift in Sources */ = {isa = PBXBuildFile; fileRef = 6C4993B32857208D007F3DA4 /* CreateMpinViewController.swift */; };
		6C6C1EB4285AFE1700841FFC /* HistoryTableViewCell.swift in Sources */ = {isa = PBXBuildFile; fileRef = 6C6C1EB3285AFE1700841FFC /* HistoryTableViewCell.swift */; };
		6C6C1EB6285B04AC00841FFC /* ProfileViewController.swift in Sources */ = {isa = PBXBuildFile; fileRef = 6C6C1EB5285B04AC00841FFC /* ProfileViewController.swift */; };
		6C773EA3288E6A0700183575 /* TimeLogHistoryApiResponse.swift in Sources */ = {isa = PBXBuildFile; fileRef = 6C773EA1288E6A0600183575 /* TimeLogHistoryApiResponse.swift */; };
		6C773EA4288E6A0700183575 /* CheckInCheckOutHistoryObject.swift in Sources */ = {isa = PBXBuildFile; fileRef = 6C773EA2288E6A0700183575 /* CheckInCheckOutHistoryObject.swift */; };
		6C773EA7288E710E00183575 /* HistoryDetails.swift in Sources */ = {isa = PBXBuildFile; fileRef = 6C773EA5288E710E00183575 /* HistoryDetails.swift */; };
		6C773EA8288E710E00183575 /* ApiReturnUserResponse.swift in Sources */ = {isa = PBXBuildFile; fileRef = 6C773EA6288E710E00183575 /* ApiReturnUserResponse.swift */; };
		6C89BBAB286587F700A1EE11 /* SectionHeaderTableViewCell.swift in Sources */ = {isa = PBXBuildFile; fileRef = 6C89BBAA286587F700A1EE11 /* SectionHeaderTableViewCell.swift */; };
		6C89BBAD2865880A00A1EE11 /* SectionRowTableViewCell.swift in Sources */ = {isa = PBXBuildFile; fileRef = 6C89BBAC2865880A00A1EE11 /* SectionRowTableViewCell.swift */; };
		6CAE45F728D1AE51005BE3BE /* SendMessagesResponse.swift in Sources */ = {isa = PBXBuildFile; fileRef = 6CAE45F628D1AE51005BE3BE /* SendMessagesResponse.swift */; };
		6CBE235328D7081400CDA9AF /* FirebaseMessage.swift in Sources */ = {isa = PBXBuildFile; fileRef = 6CBE235228D7081400CDA9AF /* FirebaseMessage.swift */; };
		6CD9232B288BFDB300A74403 /* CheckInCheckOutData.swift in Sources */ = {isa = PBXBuildFile; fileRef = 6CD92329288BFDB300A74403 /* CheckInCheckOutData.swift */; };
		6CD9232C288BFDB300A74403 /* CheckInApiResponse.swift in Sources */ = {isa = PBXBuildFile; fileRef = 6CD9232A288BFDB300A74403 /* CheckInApiResponse.swift */; };
/* End PBXBuildFile section */

/* Begin PBXFileReference section */
		5274F626296F301B00597A0B /* ChangeMpinViewController.swift */ = {isa = PBXFileReference; lastKnownFileType = sourcecode.swift; path = ChangeMpinViewController.swift; sourceTree = "<group>"; };
		52A621CD2993B5890036A21F /* User.swift */ = {isa = PBXFileReference; fileEncoding = 4; lastKnownFileType = sourcecode.swift; path = User.swift; sourceTree = "<group>"; };
		52A621CE2993B5890036A21F /* Json4Swift_Base.swift */ = {isa = PBXFileReference; fileEncoding = 4; lastKnownFileType = sourcecode.swift; path = Json4Swift_Base.swift; sourceTree = "<group>"; };
		52A621CF2993B5890036A21F /* UserData.swift */ = {isa = PBXFileReference; fileEncoding = 4; lastKnownFileType = sourcecode.swift; path = UserData.swift; sourceTree = "<group>"; };
		6C1993C4288537AD00842BB2 /* SiteDetail.swift */ = {isa = PBXFileReference; fileEncoding = 4; lastKnownFileType = sourcecode.swift; path = SiteDetail.swift; sourceTree = "<group>"; };
		6C1993C5288537AD00842BB2 /* SiteDetailApiResponse.swift */ = {isa = PBXFileReference; fileEncoding = 4; lastKnownFileType = sourcecode.swift; path = SiteDetailApiResponse.swift; sourceTree = "<group>"; };
		6C19C91F28C8778C00D957B7 /* GoogleService-Info.plist */ = {isa = PBXFileReference; fileEncoding = 4; lastKnownFileType = text.plist.xml; path = "GoogleService-Info.plist"; sourceTree = "<group>"; };
		6C1C24812859A8CF00ABA6C5 /* Extensions.swift */ = {isa = PBXFileReference; lastKnownFileType = sourcecode.swift; path = Extensions.swift; sourceTree = "<group>"; };
		6C1C24832859AA6000ABA6C5 /* SideMenuController.swift */ = {isa = PBXFileReference; lastKnownFileType = sourcecode.swift; path = SideMenuController.swift; sourceTree = "<group>"; };
		6C1C24852859AAF700ABA6C5 /* ChatViewController.swift */ = {isa = PBXFileReference; lastKnownFileType = sourcecode.swift; path = ChatViewController.swift; sourceTree = "<group>"; };
		6C1C24872859AB0300ABA6C5 /* HistoryViewController.swift */ = {isa = PBXFileReference; lastKnownFileType = sourcecode.swift; path = HistoryViewController.swift; sourceTree = "<group>"; };
		6C1D8213289119D8006EE3AC /* UploadImageResponse.swift */ = {isa = PBXFileReference; fileEncoding = 4; lastKnownFileType = sourcecode.swift; path = UploadImageResponse.swift; sourceTree = "<group>"; };
		6C1F44FD2858551600C3BD7F /* SiteDetailViewController.swift */ = {isa = PBXFileReference; lastKnownFileType = sourcecode.swift; path = SiteDetailViewController.swift; sourceTree = "<group>"; };
		6C23F6F7285C4D4000523AFE /* NotificationsTableViewCell.swift */ = {isa = PBXFileReference; lastKnownFileType = sourcecode.swift; path = NotificationsTableViewCell.swift; sourceTree = "<group>"; };
		6C23F6F9285C4D6400523AFE /* NotificationsViewController.swift */ = {isa = PBXFileReference; lastKnownFileType = sourcecode.swift; path = NotificationsViewController.swift; sourceTree = "<group>"; };
		6C23F6FB285C50CE00523AFE /* PayoutsViewController.swift */ = {isa = PBXFileReference; lastKnownFileType = sourcecode.swift; path = PayoutsViewController.swift; sourceTree = "<group>"; };
		6C2C4DF1289A48CA00519343 /* Job.swift */ = {isa = PBXFileReference; fileEncoding = 4; lastKnownFileType = sourcecode.swift; path = Job.swift; sourceTree = "<group>"; };
		6C2C4DF2289A48CA00519343 /* PayrollApiResponse.swift */ = {isa = PBXFileReference; fileEncoding = 4; lastKnownFileType = sourcecode.swift; path = PayrollApiResponse.swift; sourceTree = "<group>"; };
		6C2C4DF3289A48CA00519343 /* PayoutDetail.swift */ = {isa = PBXFileReference; fileEncoding = 4; lastKnownFileType = sourcecode.swift; path = PayoutDetail.swift; sourceTree = "<group>"; };
		6C3905DC2872C241003468A4 /* SignInWithCellPhoneResponse.swift */ = {isa = PBXFileReference; fileEncoding = 4; lastKnownFileType = sourcecode.swift; path = SignInWithCellPhoneResponse.swift; sourceTree = "<group>"; };
		6C49938A28571580007F3DA4 /* Nationwide.app */ = {isa = PBXFileReference; explicitFileType = wrapper.application; includeInIndex = 0; path = Nationwide.app; sourceTree = BUILT_PRODUCTS_DIR; };
		6C49938D28571580007F3DA4 /* AppDelegate.swift */ = {isa = PBXFileReference; lastKnownFileType = sourcecode.swift; path = AppDelegate.swift; sourceTree = "<group>"; };
		6C49938F28571580007F3DA4 /* SceneDelegate.swift */ = {isa = PBXFileReference; lastKnownFileType = sourcecode.swift; path = SceneDelegate.swift; sourceTree = "<group>"; };
		6C49939428571580007F3DA4 /* Base */ = {isa = PBXFileReference; lastKnownFileType = file.storyboard; name = Base; path = Base.lproj/Main.storyboard; sourceTree = "<group>"; };
		6C49939628571583007F3DA4 /* Assets.xcassets */ = {isa = PBXFileReference; lastKnownFileType = folder.assetcatalog; path = Assets.xcassets; sourceTree = "<group>"; };
		6C49939928571583007F3DA4 /* Base */ = {isa = PBXFileReference; lastKnownFileType = file.storyboard; name = Base; path = Base.lproj/LaunchScreen.storyboard; sourceTree = "<group>"; };
		6C49939B28571583007F3DA4 /* Info.plist */ = {isa = PBXFileReference; lastKnownFileType = text.plist.xml; path = Info.plist; sourceTree = "<group>"; };
		6C4993A2285715BA007F3DA4 /* SignInViewController.swift */ = {isa = PBXFileReference; lastKnownFileType = sourcecode.swift; path = SignInViewController.swift; sourceTree = "<group>"; };
		6C4993A528571970007F3DA4 /* static */ = {isa = PBXFileReference; lastKnownFileType = folder; path = static; sourceTree = "<group>"; };
		6C4993A628571970007F3DA4 /* Rubik-Italic-VariableFont_wght.ttf */ = {isa = PBXFileReference; lastKnownFileType = file; path = "Rubik-Italic-VariableFont_wght.ttf"; sourceTree = "<group>"; };
		6C4993A728571970007F3DA4 /* OFL.txt */ = {isa = PBXFileReference; fileEncoding = 4; lastKnownFileType = text; path = OFL.txt; sourceTree = "<group>"; };
		6C4993A828571970007F3DA4 /* README.txt */ = {isa = PBXFileReference; fileEncoding = 4; lastKnownFileType = text; path = README.txt; sourceTree = "<group>"; };
		6C4993A928571970007F3DA4 /* Rubik-VariableFont_wght.ttf */ = {isa = PBXFileReference; lastKnownFileType = file; path = "Rubik-VariableFont_wght.ttf"; sourceTree = "<group>"; };
		6C4993AF28571E6A007F3DA4 /* EnterOTPViewController.swift */ = {isa = PBXFileReference; lastKnownFileType = sourcecode.swift; path = EnterOTPViewController.swift; sourceTree = "<group>"; };
		6C4993B32857208D007F3DA4 /* CreateMpinViewController.swift */ = {isa = PBXFileReference; lastKnownFileType = sourcecode.swift; path = CreateMpinViewController.swift; sourceTree = "<group>"; };
		6C6927C92874117A007CE9F1 /* LoginWithMpinResponse.swift */ = {isa = PBXFileReference; fileEncoding = 4; lastKnownFileType = sourcecode.swift; path = LoginWithMpinResponse.swift; sourceTree = "<group>"; };
		6C6C1EB3285AFE1700841FFC /* HistoryTableViewCell.swift */ = {isa = PBXFileReference; lastKnownFileType = sourcecode.swift; path = HistoryTableViewCell.swift; sourceTree = "<group>"; };
		6C6C1EB5285B04AC00841FFC /* ProfileViewController.swift */ = {isa = PBXFileReference; lastKnownFileType = sourcecode.swift; path = ProfileViewController.swift; sourceTree = "<group>"; };
		6C773EA1288E6A0600183575 /* TimeLogHistoryApiResponse.swift */ = {isa = PBXFileReference; fileEncoding = 4; lastKnownFileType = sourcecode.swift; path = TimeLogHistoryApiResponse.swift; sourceTree = "<group>"; };
		6C773EA2288E6A0700183575 /* CheckInCheckOutHistoryObject.swift */ = {isa = PBXFileReference; fileEncoding = 4; lastKnownFileType = sourcecode.swift; path = CheckInCheckOutHistoryObject.swift; sourceTree = "<group>"; };
		6C773EA5288E710E00183575 /* HistoryDetails.swift */ = {isa = PBXFileReference; fileEncoding = 4; lastKnownFileType = sourcecode.swift; path = HistoryDetails.swift; sourceTree = "<group>"; };
		6C773EA6288E710E00183575 /* ApiReturnUserResponse.swift */ = {isa = PBXFileReference; fileEncoding = 4; lastKnownFileType = sourcecode.swift; path = ApiReturnUserResponse.swift; sourceTree = "<group>"; };
		6C89BBAA286587F700A1EE11 /* SectionHeaderTableViewCell.swift */ = {isa = PBXFileReference; lastKnownFileType = sourcecode.swift; path = SectionHeaderTableViewCell.swift; sourceTree = "<group>"; };
		6C89BBAC2865880A00A1EE11 /* SectionRowTableViewCell.swift */ = {isa = PBXFileReference; lastKnownFileType = sourcecode.swift; path = SectionRowTableViewCell.swift; sourceTree = "<group>"; };
		6C8E93392935D26200A75088 /* Nation Wide.entitlements */ = {isa = PBXFileReference; lastKnownFileType = text.plist.entitlements; path = "Nation Wide.entitlements"; sourceTree = "<group>"; };
		6C97C2F729517A2D00762A67 /* Nation WideRelease.entitlements */ = {isa = PBXFileReference; lastKnownFileType = text.plist.entitlements; path = "Nation WideRelease.entitlements"; sourceTree = "<group>"; };
		6CAE45F628D1AE51005BE3BE /* SendMessagesResponse.swift */ = {isa = PBXFileReference; fileEncoding = 4; lastKnownFileType = sourcecode.swift; path = SendMessagesResponse.swift; sourceTree = "<group>"; };
		6CBE235228D7081400CDA9AF /* FirebaseMessage.swift */ = {isa = PBXFileReference; fileEncoding = 4; lastKnownFileType = sourcecode.swift; path = FirebaseMessage.swift; sourceTree = "<group>"; };
		6CD92329288BFDB300A74403 /* CheckInCheckOutData.swift */ = {isa = PBXFileReference; fileEncoding = 4; lastKnownFileType = sourcecode.swift; path = CheckInCheckOutData.swift; sourceTree = "<group>"; };
		6CD9232A288BFDB300A74403 /* CheckInApiResponse.swift */ = {isa = PBXFileReference; fileEncoding = 4; lastKnownFileType = sourcecode.swift; path = CheckInApiResponse.swift; sourceTree = "<group>"; };
		82E5D2AB383D8F3F83747876 /* Pods-Nation Wide.release.xcconfig */ = {isa = PBXFileReference; includeInIndex = 1; lastKnownFileType = text.xcconfig; name = "Pods-Nation Wide.release.xcconfig"; path = "Target Support Files/Pods-Nation Wide/Pods-Nation Wide.release.xcconfig"; sourceTree = "<group>"; };
		A8BED14A7EA2DB24A87EBA46 /* Pods-Nationwide.release.xcconfig */ = {isa = PBXFileReference; includeInIndex = 1; lastKnownFileType = text.xcconfig; name = "Pods-Nationwide.release.xcconfig"; path = "Target Support Files/Pods-Nationwide/Pods-Nationwide.release.xcconfig"; sourceTree = "<group>"; };
		BD175CFE1B490D496A6C7EBB /* Pods-Nation Wide.debug.xcconfig */ = {isa = PBXFileReference; includeInIndex = 1; lastKnownFileType = text.xcconfig; name = "Pods-Nation Wide.debug.xcconfig"; path = "Target Support Files/Pods-Nation Wide/Pods-Nation Wide.debug.xcconfig"; sourceTree = "<group>"; };
		DAF597FB09FD5DA41E466612 /* Pods-Nationwide.debug.xcconfig */ = {isa = PBXFileReference; includeInIndex = 1; lastKnownFileType = text.xcconfig; name = "Pods-Nationwide.debug.xcconfig"; path = "Target Support Files/Pods-Nationwide/Pods-Nationwide.debug.xcconfig"; sourceTree = "<group>"; };
		E1A2407F6D85279A965088BC /* Pods_Nationwide.framework */ = {isa = PBXFileReference; explicitFileType = wrapper.framework; includeInIndex = 0; path = Pods_Nationwide.framework; sourceTree = BUILT_PRODUCTS_DIR; };
/* End PBXFileReference section */

/* Begin PBXFrameworksBuildPhase section */
		6C49938728571580007F3DA4 /* Frameworks */ = {
			isa = PBXFrameworksBuildPhase;
			buildActionMask = 2147483647;
			files = (
				1FC50AA36F71DE6DFC961470 /* Pods_Nationwide.framework in Frameworks */,
			);
			runOnlyForDeploymentPostprocessing = 0;
		};
/* End PBXFrameworksBuildPhase section */

/* Begin PBXGroup section */
		2A693B4C3BCFA70E6B05D64B /* Frameworks */ = {
			isa = PBXGroup;
			children = (
				E1A2407F6D85279A965088BC /* Pods_Nationwide.framework */,
			);
			name = Frameworks;
			sourceTree = "<group>";
		};
		336260FEBAD49CD0BBA2F41B /* Pods */ = {
			isa = PBXGroup;
			children = (
				BD175CFE1B490D496A6C7EBB /* Pods-Nation Wide.debug.xcconfig */,
				82E5D2AB383D8F3F83747876 /* Pods-Nation Wide.release.xcconfig */,
				DAF597FB09FD5DA41E466612 /* Pods-Nationwide.debug.xcconfig */,
				A8BED14A7EA2DB24A87EBA46 /* Pods-Nationwide.release.xcconfig */,
			);
			path = Pods;
			sourceTree = "<group>";
		};
		6C1C24802859A8B400ABA6C5 /* Helper */ = {
			isa = PBXGroup;
			children = (
				6C1C24812859A8CF00ABA6C5 /* Extensions.swift */,
			);
			path = Helper;
			sourceTree = "<group>";
		};
		6C1F45012858627A00C3BD7F /* View Model */ = {
			isa = PBXGroup;
			children = (
				6C89BBA9286587D700A1EE11 /* PayoutsExpandableCell */,
				6C23F700285C519F00523AFE /* NotificationsTableViewCell */,
				6C6C1EB2285AFDE900841FFC /* HistoryTableViewCell */,
			);
			path = "View Model";
			sourceTree = "<group>";
		};
		6C23F700285C519F00523AFE /* NotificationsTableViewCell */ = {
			isa = PBXGroup;
			children = (
				6C23F6F7285C4D4000523AFE /* NotificationsTableViewCell.swift */,
			);
			path = NotificationsTableViewCell;
			sourceTree = "<group>";
		};
		6C3905DB2872C1E8003468A4 /* Models */ = {
			isa = PBXGroup;
			children = (
				52A621CF2993B5890036A21F /* UserData.swift */,
				52A621CE2993B5890036A21F /* Json4Swift_Base.swift */,
				52A621CD2993B5890036A21F /* User.swift */,
				6CBE235228D7081400CDA9AF /* FirebaseMessage.swift */,
				6CAE45F628D1AE51005BE3BE /* SendMessagesResponse.swift */,
				6C2C4DF1289A48CA00519343 /* Job.swift */,
				6C2C4DF3289A48CA00519343 /* PayoutDetail.swift */,
				6C2C4DF2289A48CA00519343 /* PayrollApiResponse.swift */,
				6C1D8213289119D8006EE3AC /* UploadImageResponse.swift */,
				6C773EA6288E710E00183575 /* ApiReturnUserResponse.swift */,
				6C773EA5288E710E00183575 /* HistoryDetails.swift */,
				6C773EA2288E6A0700183575 /* CheckInCheckOutHistoryObject.swift */,
				6C773EA1288E6A0600183575 /* TimeLogHistoryApiResponse.swift */,
				6CD9232A288BFDB300A74403 /* CheckInApiResponse.swift */,
				6CD92329288BFDB300A74403 /* CheckInCheckOutData.swift */,
				6C1993C4288537AD00842BB2 /* SiteDetail.swift */,
				6C1993C5288537AD00842BB2 /* SiteDetailApiResponse.swift */,
				6C6927C92874117A007CE9F1 /* LoginWithMpinResponse.swift */,
				6C3905DC2872C241003468A4 /* SignInWithCellPhoneResponse.swift */,
			);
			path = Models;
			sourceTree = "<group>";
		};
		6C49938128571580007F3DA4 = {
			isa = PBXGroup;
			children = (
				6C49938C28571580007F3DA4 /* Nation Wide */,
				6C49938B28571580007F3DA4 /* Products */,
				336260FEBAD49CD0BBA2F41B /* Pods */,
				2A693B4C3BCFA70E6B05D64B /* Frameworks */,
			);
			sourceTree = "<group>";
		};
		6C49938B28571580007F3DA4 /* Products */ = {
			isa = PBXGroup;
			children = (
				6C49938A28571580007F3DA4 /* Nationwide.app */,
			);
			name = Products;
			sourceTree = "<group>";
		};
		6C49938C28571580007F3DA4 /* Nation Wide */ = {
			isa = PBXGroup;
			children = (
				6C97C2F729517A2D00762A67 /* Nation WideRelease.entitlements */,
				6C8E93392935D26200A75088 /* Nation Wide.entitlements */,
				6C3905DB2872C1E8003468A4 /* Models */,
				6C1C24802859A8B400ABA6C5 /* Helper */,
				6C1F45012858627A00C3BD7F /* View Model */,
				6C4993A428571916007F3DA4 /* Custom Font */,
				6C4993A128571590007F3DA4 /* Controllers */,
				6C49938D28571580007F3DA4 /* AppDelegate.swift */,
				6C49938F28571580007F3DA4 /* SceneDelegate.swift */,
				6C49939328571580007F3DA4 /* Main.storyboard */,
				6C49939628571583007F3DA4 /* Assets.xcassets */,
				6C49939828571583007F3DA4 /* LaunchScreen.storyboard */,
				6C49939B28571583007F3DA4 /* Info.plist */,
				6C19C91F28C8778C00D957B7 /* GoogleService-Info.plist */,
			);
			path = "Nation Wide";
			sourceTree = "<group>";
		};
		6C4993A128571590007F3DA4 /* Controllers */ = {
			isa = PBXGroup;
			children = (
				6C4993A2285715BA007F3DA4 /* SignInViewController.swift */,
				6C4993AF28571E6A007F3DA4 /* EnterOTPViewController.swift */,
				6C4993B32857208D007F3DA4 /* CreateMpinViewController.swift */,
				6C1F44FD2858551600C3BD7F /* SiteDetailViewController.swift */,
				6C1C24832859AA6000ABA6C5 /* SideMenuController.swift */,
				6C1C24852859AAF700ABA6C5 /* ChatViewController.swift */,
				6C1C24872859AB0300ABA6C5 /* HistoryViewController.swift */,
				6C6C1EB5285B04AC00841FFC /* ProfileViewController.swift */,
				6C23F6F9285C4D6400523AFE /* NotificationsViewController.swift */,
				6C23F6FB285C50CE00523AFE /* PayoutsViewController.swift */,
				5274F626296F301B00597A0B /* ChangeMpinViewController.swift */,
			);
			path = Controllers;
			sourceTree = "<group>";
		};
		6C4993A428571916007F3DA4 /* Custom Font */ = {
			isa = PBXGroup;
			children = (
				6C4993A728571970007F3DA4 /* OFL.txt */,
				6C4993A828571970007F3DA4 /* README.txt */,
				6C4993A628571970007F3DA4 /* Rubik-Italic-VariableFont_wght.ttf */,
				6C4993A928571970007F3DA4 /* Rubik-VariableFont_wght.ttf */,
				6C4993A528571970007F3DA4 /* static */,
			);
			path = "Custom Font";
			sourceTree = "<group>";
		};
		6C6C1EB2285AFDE900841FFC /* HistoryTableViewCell */ = {
			isa = PBXGroup;
			children = (
				6C6C1EB3285AFE1700841FFC /* HistoryTableViewCell.swift */,
			);
			path = HistoryTableViewCell;
			sourceTree = "<group>";
		};
		6C89BBA9286587D700A1EE11 /* PayoutsExpandableCell */ = {
			isa = PBXGroup;
			children = (
				6C89BBAA286587F700A1EE11 /* SectionHeaderTableViewCell.swift */,
				6C89BBAC2865880A00A1EE11 /* SectionRowTableViewCell.swift */,
			);
			path = PayoutsExpandableCell;
			sourceTree = "<group>";
		};
/* End PBXGroup section */

/* Begin PBXNativeTarget section */
		6C49938928571580007F3DA4 /* Nationwide */ = {
			isa = PBXNativeTarget;
			buildConfigurationList = 6C49939E28571583007F3DA4 /* Build configuration list for PBXNativeTarget "Nationwide" */;
			buildPhases = (
				9EA11922BF49B1E72CBAEE0E /* [CP] Check Pods Manifest.lock */,
				6C49938628571580007F3DA4 /* Sources */,
				6C49938728571580007F3DA4 /* Frameworks */,
				6C49938828571580007F3DA4 /* Resources */,
				672F51914DCDA610F5246E0F /* [CP] Embed Pods Frameworks */,
			);
			buildRules = (
			);
			dependencies = (
			);
			name = Nationwide;
			productName = "Nation Wide";
			productReference = 6C49938A28571580007F3DA4 /* Nationwide.app */;
			productType = "com.apple.product-type.application";
		};
/* End PBXNativeTarget section */

/* Begin PBXProject section */
		6C49938228571580007F3DA4 /* Project object */ = {
			isa = PBXProject;
			attributes = {
				BuildIndependentTargetsInParallel = 1;
				LastSwiftUpdateCheck = 1340;
				LastUpgradeCheck = 1340;
				TargetAttributes = {
					6C49938928571580007F3DA4 = {
						CreatedOnToolsVersion = 13.4.1;
					};
				};
			};
			buildConfigurationList = 6C49938528571580007F3DA4 /* Build configuration list for PBXProject "Nationwide" */;
			compatibilityVersion = "Xcode 13.0";
			developmentRegion = en;
			hasScannedForEncodings = 0;
			knownRegions = (
				en,
				Base,
			);
			mainGroup = 6C49938128571580007F3DA4;
			productRefGroup = 6C49938B28571580007F3DA4 /* Products */;
			projectDirPath = "";
			projectRoot = "";
			targets = (
				6C49938928571580007F3DA4 /* Nationwide */,
			);
		};
/* End PBXProject section */

/* Begin PBXResourcesBuildPhase section */
		6C49938828571580007F3DA4 /* Resources */ = {
			isa = PBXResourcesBuildPhase;
			buildActionMask = 2147483647;
			files = (
				6C4993AC28571970007F3DA4 /* OFL.txt in Resources */,
				6C4993AB28571970007F3DA4 /* Rubik-Italic-VariableFont_wght.ttf in Resources */,
				6C19C92028C8778C00D957B7 /* GoogleService-Info.plist in Resources */,
				6C49939A28571583007F3DA4 /* LaunchScreen.storyboard in Resources */,
				6C49939728571583007F3DA4 /* Assets.xcassets in Resources */,
				6C4993AA28571970007F3DA4 /* static in Resources */,
				6C4993AD28571970007F3DA4 /* README.txt in Resources */,
				6C49939528571580007F3DA4 /* Main.storyboard in Resources */,
				6C4993AE28571970007F3DA4 /* Rubik-VariableFont_wght.ttf in Resources */,
			);
			runOnlyForDeploymentPostprocessing = 0;
		};
/* End PBXResourcesBuildPhase section */

/* Begin PBXShellScriptBuildPhase section */
		672F51914DCDA610F5246E0F /* [CP] Embed Pods Frameworks */ = {
			isa = PBXShellScriptBuildPhase;
			buildActionMask = 2147483647;
			files = (
			);
			inputFileListPaths = (
				"${PODS_ROOT}/Target Support Files/Pods-Nationwide/Pods-Nationwide-frameworks-${CONFIGURATION}-input-files.xcfilelist",
			);
			name = "[CP] Embed Pods Frameworks";
			outputFileListPaths = (
				"${PODS_ROOT}/Target Support Files/Pods-Nationwide/Pods-Nationwide-frameworks-${CONFIGURATION}-output-files.xcfilelist",
			);
			runOnlyForDeploymentPostprocessing = 0;
			shellPath = /bin/sh;
			shellScript = "\"${PODS_ROOT}/Target Support Files/Pods-Nationwide/Pods-Nationwide-frameworks.sh\"\n";
			showEnvVarsInLog = 0;
		};
		9EA11922BF49B1E72CBAEE0E /* [CP] Check Pods Manifest.lock */ = {
			isa = PBXShellScriptBuildPhase;
			buildActionMask = 2147483647;
			files = (
			);
			inputFileListPaths = (
			);
			inputPaths = (
				"${PODS_PODFILE_DIR_PATH}/Podfile.lock",
				"${PODS_ROOT}/Manifest.lock",
			);
			name = "[CP] Check Pods Manifest.lock";
			outputFileListPaths = (
			);
			outputPaths = (
				"$(DERIVED_FILE_DIR)/Pods-Nationwide-checkManifestLockResult.txt",
			);
			runOnlyForDeploymentPostprocessing = 0;
			shellPath = /bin/sh;
			shellScript = "diff \"${PODS_PODFILE_DIR_PATH}/Podfile.lock\" \"${PODS_ROOT}/Manifest.lock\" > /dev/null\nif [ $? != 0 ] ; then\n    # print error to STDERR\n    echo \"error: The sandbox is not in sync with the Podfile.lock. Run 'pod install' or update your CocoaPods installation.\" >&2\n    exit 1\nfi\n# This output is used by Xcode 'outputs' to avoid re-running this script phase.\necho \"SUCCESS\" > \"${SCRIPT_OUTPUT_FILE_0}\"\n";
			showEnvVarsInLog = 0;
		};
/* End PBXShellScriptBuildPhase section */

/* Begin PBXSourcesBuildPhase section */
		6C49938628571580007F3DA4 /* Sources */ = {
			isa = PBXSourcesBuildPhase;
			buildActionMask = 2147483647;
			files = (
				6C4993B42857208D007F3DA4 /* CreateMpinViewController.swift in Sources */,
				6CD9232C288BFDB300A74403 /* CheckInApiResponse.swift in Sources */,
				6CAE45F728D1AE51005BE3BE /* SendMessagesResponse.swift in Sources */,
				6C23F6FC285C50CE00523AFE /* PayoutsViewController.swift in Sources */,
				6C2C4DF4289A48CA00519343 /* Job.swift in Sources */,
				6CD9232B288BFDB300A74403 /* CheckInCheckOutData.swift in Sources */,
				6C1C24822859A8CF00ABA6C5 /* Extensions.swift in Sources */,
				6C773EA8288E710E00183575 /* ApiReturnUserResponse.swift in Sources */,
				6C49938E28571580007F3DA4 /* AppDelegate.swift in Sources */,
				6C1C24882859AB0300ABA6C5 /* HistoryViewController.swift in Sources */,
				6C49939028571580007F3DA4 /* SceneDelegate.swift in Sources */,
				6C1993C7288537AD00842BB2 /* SiteDetailApiResponse.swift in Sources */,
				52A621D02993B5890036A21F /* User.swift in Sources */,
				6C23F6FA285C4D6400523AFE /* NotificationsViewController.swift in Sources */,
				6C3905DD2872C241003468A4 /* SignInWithCellPhoneResponse.swift in Sources */,
				6C1D8214289119D8006EE3AC /* UploadImageResponse.swift in Sources */,
				6C89BBAD2865880A00A1EE11 /* SectionRowTableViewCell.swift in Sources */,
				6C1C24842859AA6000ABA6C5 /* SideMenuController.swift in Sources */,
				6C773EA3288E6A0700183575 /* TimeLogHistoryApiResponse.swift in Sources */,
				6C773EA7288E710E00183575 /* HistoryDetails.swift in Sources */,
				6C89BBAB286587F700A1EE11 /* SectionHeaderTableViewCell.swift in Sources */,
				6C6C1EB6285B04AC00841FFC /* ProfileViewController.swift in Sources */,
				6C4993A3285715BA007F3DA4 /* SignInViewController.swift in Sources */,
				52A621D22993B5890036A21F /* UserData.swift in Sources */,
				6C23F6F8285C4D4000523AFE /* NotificationsTableViewCell.swift in Sources */,
				6C1F44FE2858551600C3BD7F /* SiteDetailViewController.swift in Sources */,
				6C6C1EB4285AFE1700841FFC /* HistoryTableViewCell.swift in Sources */,
				6C1993C6288537AD00842BB2 /* SiteDetail.swift in Sources */,
				6C1C24862859AAF700ABA6C5 /* ChatViewController.swift in Sources */,
				52A621D12993B5890036A21F /* Json4Swift_Base.swift in Sources */,
				6C2C4DF6289A48CA00519343 /* PayoutDetail.swift in Sources */,
				6C773EA4288E6A0700183575 /* CheckInCheckOutHistoryObject.swift in Sources */,
				6C4993B028571E6A007F3DA4 /* EnterOTPViewController.swift in Sources */,
				6CBE235328D7081400CDA9AF /* FirebaseMessage.swift in Sources */,
				5274F627296F301B00597A0B /* ChangeMpinViewController.swift in Sources */,
				6C2C4DF5289A48CA00519343 /* PayrollApiResponse.swift in Sources */,
			);
			runOnlyForDeploymentPostprocessing = 0;
		};
/* End PBXSourcesBuildPhase section */

/* Begin PBXVariantGroup section */
		6C49939328571580007F3DA4 /* Main.storyboard */ = {
			isa = PBXVariantGroup;
			children = (
				6C49939428571580007F3DA4 /* Base */,
			);
			name = Main.storyboard;
			sourceTree = "<group>";
		};
		6C49939828571583007F3DA4 /* LaunchScreen.storyboard */ = {
			isa = PBXVariantGroup;
			children = (
				6C49939928571583007F3DA4 /* Base */,
			);
			name = LaunchScreen.storyboard;
			sourceTree = "<group>";
		};
/* End PBXVariantGroup section */

/* Begin XCBuildConfiguration section */
		6C49939C28571583007F3DA4 /* Debug */ = {
			isa = XCBuildConfiguration;
			buildSettings = {
				ALWAYS_SEARCH_USER_PATHS = NO;
				CLANG_ANALYZER_NONNULL = YES;
				CLANG_ANALYZER_NUMBER_OBJECT_CONVERSION = YES_AGGRESSIVE;
				CLANG_CXX_LANGUAGE_STANDARD = "gnu++17";
				CLANG_ENABLE_MODULES = YES;
				CLANG_ENABLE_OBJC_ARC = YES;
				CLANG_ENABLE_OBJC_WEAK = YES;
				CLANG_WARN_BLOCK_CAPTURE_AUTORELEASING = YES;
				CLANG_WARN_BOOL_CONVERSION = YES;
				CLANG_WARN_COMMA = YES;
				CLANG_WARN_CONSTANT_CONVERSION = YES;
				CLANG_WARN_DEPRECATED_OBJC_IMPLEMENTATIONS = YES;
				CLANG_WARN_DIRECT_OBJC_ISA_USAGE = YES_ERROR;
				CLANG_WARN_DOCUMENTATION_COMMENTS = YES;
				CLANG_WARN_EMPTY_BODY = YES;
				CLANG_WARN_ENUM_CONVERSION = YES;
				CLANG_WARN_INFINITE_RECURSION = YES;
				CLANG_WARN_INT_CONVERSION = YES;
				CLANG_WARN_NON_LITERAL_NULL_CONVERSION = YES;
				CLANG_WARN_OBJC_IMPLICIT_RETAIN_SELF = YES;
				CLANG_WARN_OBJC_LITERAL_CONVERSION = YES;
				CLANG_WARN_OBJC_ROOT_CLASS = YES_ERROR;
				CLANG_WARN_QUOTED_INCLUDE_IN_FRAMEWORK_HEADER = YES;
				CLANG_WARN_RANGE_LOOP_ANALYSIS = YES;
				CLANG_WARN_STRICT_PROTOTYPES = YES;
				CLANG_WARN_SUSPICIOUS_MOVE = YES;
				CLANG_WARN_UNGUARDED_AVAILABILITY = YES_AGGRESSIVE;
				CLANG_WARN_UNREACHABLE_CODE = YES;
				CLANG_WARN__DUPLICATE_METHOD_MATCH = YES;
				COPY_PHASE_STRIP = NO;
				DEBUG_INFORMATION_FORMAT = dwarf;
				ENABLE_STRICT_OBJC_MSGSEND = YES;
				ENABLE_TESTABILITY = YES;
				GCC_C_LANGUAGE_STANDARD = gnu11;
				GCC_DYNAMIC_NO_PIC = NO;
				GCC_NO_COMMON_BLOCKS = YES;
				GCC_OPTIMIZATION_LEVEL = 0;
				GCC_PREPROCESSOR_DEFINITIONS = (
					"DEBUG=1",
					"$(inherited)",
				);
				GCC_WARN_64_TO_32_BIT_CONVERSION = YES;
				GCC_WARN_ABOUT_RETURN_TYPE = YES_ERROR;
				GCC_WARN_UNDECLARED_SELECTOR = YES;
				GCC_WARN_UNINITIALIZED_AUTOS = YES_AGGRESSIVE;
				GCC_WARN_UNUSED_FUNCTION = YES;
				GCC_WARN_UNUSED_VARIABLE = YES;
				IPHONEOS_DEPLOYMENT_TARGET = 13.0;
				MTL_ENABLE_DEBUG_INFO = INCLUDE_SOURCE;
				MTL_FAST_MATH = YES;
				ONLY_ACTIVE_ARCH = YES;
				SDKROOT = iphoneos;
				SWIFT_ACTIVE_COMPILATION_CONDITIONS = DEBUG;
				SWIFT_OPTIMIZATION_LEVEL = "-Onone";
			};
			name = Debug;
		};
		6C49939D28571583007F3DA4 /* Release */ = {
			isa = XCBuildConfiguration;
			buildSettings = {
				ALWAYS_SEARCH_USER_PATHS = NO;
				CLANG_ANALYZER_NONNULL = YES;
				CLANG_ANALYZER_NUMBER_OBJECT_CONVERSION = YES_AGGRESSIVE;
				CLANG_CXX_LANGUAGE_STANDARD = "gnu++17";
				CLANG_ENABLE_MODULES = YES;
				CLANG_ENABLE_OBJC_ARC = YES;
				CLANG_ENABLE_OBJC_WEAK = YES;
				CLANG_WARN_BLOCK_CAPTURE_AUTORELEASING = YES;
				CLANG_WARN_BOOL_CONVERSION = YES;
				CLANG_WARN_COMMA = YES;
				CLANG_WARN_CONSTANT_CONVERSION = YES;
				CLANG_WARN_DEPRECATED_OBJC_IMPLEMENTATIONS = YES;
				CLANG_WARN_DIRECT_OBJC_ISA_USAGE = YES_ERROR;
				CLANG_WARN_DOCUMENTATION_COMMENTS = YES;
				CLANG_WARN_EMPTY_BODY = YES;
				CLANG_WARN_ENUM_CONVERSION = YES;
				CLANG_WARN_INFINITE_RECURSION = YES;
				CLANG_WARN_INT_CONVERSION = YES;
				CLANG_WARN_NON_LITERAL_NULL_CONVERSION = YES;
				CLANG_WARN_OBJC_IMPLICIT_RETAIN_SELF = YES;
				CLANG_WARN_OBJC_LITERAL_CONVERSION = YES;
				CLANG_WARN_OBJC_ROOT_CLASS = YES_ERROR;
				CLANG_WARN_QUOTED_INCLUDE_IN_FRAMEWORK_HEADER = YES;
				CLANG_WARN_RANGE_LOOP_ANALYSIS = YES;
				CLANG_WARN_STRICT_PROTOTYPES = YES;
				CLANG_WARN_SUSPICIOUS_MOVE = YES;
				CLANG_WARN_UNGUARDED_AVAILABILITY = YES_AGGRESSIVE;
				CLANG_WARN_UNREACHABLE_CODE = YES;
				CLANG_WARN__DUPLICATE_METHOD_MATCH = YES;
				COPY_PHASE_STRIP = NO;
				DEBUG_INFORMATION_FORMAT = "dwarf-with-dsym";
				ENABLE_NS_ASSERTIONS = NO;
				ENABLE_STRICT_OBJC_MSGSEND = YES;
				GCC_C_LANGUAGE_STANDARD = gnu11;
				GCC_NO_COMMON_BLOCKS = YES;
				GCC_WARN_64_TO_32_BIT_CONVERSION = YES;
				GCC_WARN_ABOUT_RETURN_TYPE = YES_ERROR;
				GCC_WARN_UNDECLARED_SELECTOR = YES;
				GCC_WARN_UNINITIALIZED_AUTOS = YES_AGGRESSIVE;
				GCC_WARN_UNUSED_FUNCTION = YES;
				GCC_WARN_UNUSED_VARIABLE = YES;
				IPHONEOS_DEPLOYMENT_TARGET = 13.0;
				MTL_ENABLE_DEBUG_INFO = NO;
				MTL_FAST_MATH = YES;
				SDKROOT = iphoneos;
				SWIFT_COMPILATION_MODE = wholemodule;
				SWIFT_OPTIMIZATION_LEVEL = "-O";
				VALIDATE_PRODUCT = YES;
			};
			name = Release;
		};
		6C49939F28571583007F3DA4 /* Debug */ = {
			isa = XCBuildConfiguration;
			baseConfigurationReference = DAF597FB09FD5DA41E466612 /* Pods-Nationwide.debug.xcconfig */;
			buildSettings = {
				ASSETCATALOG_COMPILER_APPICON_NAME = AppIcon;
				ASSETCATALOG_COMPILER_GLOBAL_ACCENT_COLOR_NAME = AccentColor;
				CODE_SIGN_ENTITLEMENTS = "Nation Wide/Nation Wide.entitlements";
				CODE_SIGN_IDENTITY = "iPhone Developer: Allen Hollimon (R6YSBNL4Q5)";
				CODE_SIGN_STYLE = Manual;
				CURRENT_PROJECT_VERSION = 1;
				DEVELOPMENT_TEAM = A7P59NLJ8N;
				ENABLE_BITCODE = NO;
				GENERATE_INFOPLIST_FILE = YES;
				INFOPLIST_FILE = "Nation Wide/Info.plist";
				INFOPLIST_KEY_NSCameraUsageDescription = "Nation wide wants to use your camera.";
				INFOPLIST_KEY_NSLocationAlwaysAndWhenInUseUsageDescription = "NationWide wants to access your location";
				INFOPLIST_KEY_NSLocationAlwaysUsageDescription = "NationWide wants to access your location";
				INFOPLIST_KEY_NSLocationWhenInUseUsageDescription = "NationWide wants to access your location";
				INFOPLIST_KEY_UIApplicationSupportsIndirectInputEvents = YES;
				INFOPLIST_KEY_UILaunchStoryboardName = LaunchScreen;
				INFOPLIST_KEY_UIMainStoryboardFile = Main;
				INFOPLIST_KEY_UISupportedInterfaceOrientations = UIInterfaceOrientationPortrait;
				INFOPLIST_KEY_UISupportedInterfaceOrientations_iPad = "UIInterfaceOrientationPortrait UIInterfaceOrientationPortraitUpsideDown UIInterfaceOrientationLandscapeLeft UIInterfaceOrientationLandscapeRight";
				INFOPLIST_KEY_UISupportedInterfaceOrientations_iPhone = "UIInterfaceOrientationPortrait UIInterfaceOrientationLandscapeLeft UIInterfaceOrientationLandscapeRight";
				INFOPLIST_KEY_UIUserInterfaceStyle = Light;
				IPHONEOS_DEPLOYMENT_TARGET = 13.0;
				LD_RUNPATH_SEARCH_PATHS = (
					"$(inherited)",
					"@executable_path/Frameworks",
				);
				MARKETING_VERSION = 1.0;
				PRODUCT_BUNDLE_IDENTIFIER = com.ntw.investigations;
				PRODUCT_NAME = "$(TARGET_NAME)";
				PROVISIONING_PROFILE_SPECIFIER = Dev_NTW;
				SWIFT_EMIT_LOC_STRINGS = YES;
				SWIFT_VERSION = 5.0;
				TARGETED_DEVICE_FAMILY = "1,2";
			};
			name = Debug;
		};
		6C4993A028571583007F3DA4 /* Release */ = {
			isa = XCBuildConfiguration;
			baseConfigurationReference = A8BED14A7EA2DB24A87EBA46 /* Pods-Nationwide.release.xcconfig */;
			buildSettings = {
				ASSETCATALOG_COMPILER_APPICON_NAME = AppIcon;
				ASSETCATALOG_COMPILER_GLOBAL_ACCENT_COLOR_NAME = AccentColor;
				CODE_SIGN_ENTITLEMENTS = "Nation Wide/Nation WideRelease.entitlements";
				CODE_SIGN_IDENTITY = "iPhone Distribution: NATIONWIDE INVESTIGATIONS AND SECURITY INCORPORATE (A7P59NLJ8N)";
				CODE_SIGN_STYLE = Manual;
				CURRENT_PROJECT_VERSION = 1;
				DEVELOPMENT_TEAM = A7P59NLJ8N;
				ENABLE_BITCODE = NO;
				GENERATE_INFOPLIST_FILE = YES;
				INFOPLIST_FILE = "Nation Wide/Info.plist";
				INFOPLIST_KEY_NSCameraUsageDescription = "Nation wide wants to use your camera.";
				INFOPLIST_KEY_NSLocationAlwaysAndWhenInUseUsageDescription = "NationWide wants to access your location";
				INFOPLIST_KEY_NSLocationAlwaysUsageDescription = "NationWide wants to access your location";
				INFOPLIST_KEY_NSLocationWhenInUseUsageDescription = "NationWide wants to access your location";
				INFOPLIST_KEY_UIApplicationSupportsIndirectInputEvents = YES;
				INFOPLIST_KEY_UILaunchStoryboardName = LaunchScreen;
				INFOPLIST_KEY_UIMainStoryboardFile = Main;
				INFOPLIST_KEY_UISupportedInterfaceOrientations = UIInterfaceOrientationPortrait;
				INFOPLIST_KEY_UISupportedInterfaceOrientations_iPad = "UIInterfaceOrientationPortrait UIInterfaceOrientationPortraitUpsideDown UIInterfaceOrientationLandscapeLeft UIInterfaceOrientationLandscapeRight";
				INFOPLIST_KEY_UISupportedInterfaceOrientations_iPhone = "UIInterfaceOrientationPortrait UIInterfaceOrientationLandscapeLeft UIInterfaceOrientationLandscapeRight";
				INFOPLIST_KEY_UIUserInterfaceStyle = Light;
				IPHONEOS_DEPLOYMENT_TARGET = 13.0;
				LD_RUNPATH_SEARCH_PATHS = (
					"$(inherited)",
					"@executable_path/Frameworks",
				);
				MARKETING_VERSION = 1.0;
				PRODUCT_BUNDLE_IDENTIFIER = com.ntw.investigations;
				PRODUCT_NAME = "$(TARGET_NAME)";
				PROVISIONING_PROFILE_SPECIFIER = Adhoch_NTW;
				SWIFT_EMIT_LOC_STRINGS = YES;
				SWIFT_VERSION = 5.0;
				TARGETED_DEVICE_FAMILY = "1,2";
			};
			name = Release;
		};
/* End XCBuildConfiguration section */

/* Begin XCConfigurationList section */
		6C49938528571580007F3DA4 /* Build configuration list for PBXProject "Nationwide" */ = {
			isa = XCConfigurationList;
			buildConfigurations = (
				6C49939C28571583007F3DA4 /* Debug */,
				6C49939D28571583007F3DA4 /* Release */,
			);
			defaultConfigurationIsVisible = 0;
			defaultConfigurationName = Release;
		};
		6C49939E28571583007F3DA4 /* Build configuration list for PBXNativeTarget "Nationwide" */ = {
			isa = XCConfigurationList;
			buildConfigurations = (
				6C49939F28571583007F3DA4 /* Debug */,
				6C4993A028571583007F3DA4 /* Release */,
			);
			defaultConfigurationIsVisible = 0;
			defaultConfigurationName = Release;
		};
/* End XCConfigurationList section */
	};
	rootObject = 6C49938228571580007F3DA4 /* Project object */;
}
